<?xml version="1.0" encoding="utf-8"?>
<Project ToolsVersion="4.0" xmlns="http://schemas.microsoft.com/developer/msbuild/2003">
  <ItemGroup>
    <Filter Include="Source Files">
      <UniqueIdentifier>{4FC737F1-C7A5-4376-A066-2A32D752A2FF}</UniqueIdentifier>
      <Extensions>cpp;c;cc;cxx;c++;cppm;ixx;def;odl;idl;hpj;bat;asm;asmx</Extensions>
    </Filter>
    <Filter Include="Header Files">
      <UniqueIdentifier>{93995380-89BD-4b04-88EB-625FBE52EBFB}</UniqueIdentifier>
      <Extensions>h;hh;hpp;hxx;h++;hm;inl;inc;ipp;xsd</Extensions>
    </Filter>
    <Filter Include="Resource Files">
      <UniqueIdentifier>{67DA6AB6-F800-4c08-8B7A-83BB121AAD01}</UniqueIdentifier>
      <Extensions>rc;ico;cur;bmp;dlg;rc2;rct;bin;rgs;gif;jpg;jpeg;jpe;resx;tiff;tif;png;wav;mfcribbon-ms</Extensions>
    </Filter>
  </ItemGroup>
  <ItemGroup>
    <None Include="SQLQueryDefect.sql" />
    <None Include="UnitStringGridMagnification.dfm" />
    <None Include="DataBooth.dfm" />
    <None Include="DetailFormBooth.dfm" />
    <None Include="UnitMainBooth.dfm" />
    <None Include="UnitAdditionalDefectDetailsFormBooth.dfm" />
    <None Include="BoothClient.cbproj.local" />
    <None Include="BoothClient.cbproj" />
  </ItemGroup>
  <ItemGroup>
    <ClCompile Include="UnitStringGridMagnification.cpp">
      <Filter>Source Files</Filter>
    </ClCompile>
    <ClCompile Include="DataBooth.cpp">
      <Filter>Source Files</Filter>
    </ClCompile>
    <ClCompile Include="DetailFormBooth.cpp">
      <Filter>Source Files</Filter>
    </ClCompile>
    <ClCompile Include="UnitReadShiftData.cpp">
      <Filter>Source Files</Filter>
    </ClCompile>
    <ClCompile Include="GlobalBooth.cpp">
      <Filter>Source Files</Filter>
    </ClCompile>
    <ClCompile Include="UnitAdditionalDefectDetailsFormBooth.cpp">
      <Filter>Source Files</Filter>
    </ClCompile>
    <ClCompile Include="UnitProductsBooth.cpp">
      <Filter>Source Files</Filter>
    </ClCompile>
    <ClCompile Include="UnitMainBooth.cpp">
      <Filter>Source Files</Filter>
    </ClCompile>
    <ClCompile Include="UnitStartUpBooth.cpp">
      <Filter>Source Files</Filter>
    </ClCompile>
    <ClCompile Include="BoothClient.cpp">
      <Filter>Source Files</Filter>
    </ClCompile>
    <ClCompile Include="UnitProduct.cpp">
      <Filter>Source Files</Filter>
    </ClCompile>
    <ClCompile Include="UnitStartUp.cpp">
      <Filter>Source Files</Filter>
    </ClCompile>
    <ClCompile Include="UnitShiftReading.cpp">
      <Filter>Source Files</Filter>
    </ClCompile>
    <ClCompile Include="Global.cpp">
      <Filter>Source Files</Filter>
    </ClCompile>
    <ClCompile Include="CommonTableClass.cpp">
      <Filter>Source Files</Filter>
    </ClCompile>
  </ItemGroup>
  <ItemGroup>
    <Resource Include="BoothClient.res" />
  </ItemGroup>
  <ItemGroup>
    <ClInclude Include="UnitStringGridMagnification.h">
      <Filter>Header Files</Filter>
    </ClInclude>
    <ClInclude Include="DataBooth.h">
      <Filter>Header Files</Filter>
    </ClInclude>
    <ClInclude Include="GlobalBooth.h">
      <Filter>Header Files</Filter>
    </ClInclude>
    <ClInclude Include="UnitReadShiftData.h">
      <Filter>Header Files</Filter>
    </ClInclude>
    <ClInclude Include="DetailFormBooth.h">
      <Filter>Header Files</Filter>
    </ClInclude>
    <ClInclude Include="UnitAdditionalDefectDetailsFormBooth.h">
      <Filter>Header Files</Filter>
    </ClInclude>
    <ClInclude Include="UnitMainBooth.h">
      <Filter>Header Files</Filter>
    </ClInclude>
    <ClInclude Include="UnitProductsBooth.h">
      <Filter>Header Files</Filter>
    </ClInclude>
    <ClInclude Include="UnitProduct.h">
      <Filter>Header Files</Filter>
    </ClInclude>
    <ClInclude Include="UnitStartUpBooth.h">
      <Filter>Header Files</Filter>
    </ClInclude>
    <ClInclude Include="UnitStartUp.h">
      <Filter>Header Files</Filter>
    </ClInclude>
    <ClInclude Include="Global.h">
      <Filter>Header Files</Filter>
    </ClInclude>
    <ClInclude Include="UnitShiftReading.h">
      <Filter>Header Files</Filter>
    </ClInclude>
    <ClInclude Include="CommonTableClass.h">
      <Filter>Header Files</Filter>
    </ClInclude>
  </ItemGroup>
  <ItemGroup>
    <Image Include="jalbum.ico">
      <Filter>Resource Files</Filter>
    </Image>
    <Image Include="SMILEY4.ICO">
      <Filter>Resource Files</Filter>
    </Image>
  </ItemGroup>
</Project>