<?xml version="1.0" encoding="utf-8"?>
<Project ToolsVersion="4.0" xmlns="http://schemas.microsoft.com/developer/msbuild/2003">
  <ItemGroup>
    <Filter Include="Source Files">
      <UniqueIdentifier>{4FC737F1-C7A5-4376-A066-2A32D752A2FF}</UniqueIdentifier>
      <Extensions>cpp;c;cc;cxx;c++;cppm;ixx;def;odl;idl;hpj;bat;asm;asmx</Extensions>
    </Filter>
    <Filter Include="Header Files">
      <UniqueIdentifier>{93995380-89BD-4b04-88EB-625FBE52EBFB}</UniqueIdentifier>
      <Extensions>h;hh;hpp;hxx;h++;hm;inl;inc;ipp;xsd</Extensions>
    </Filter>
    <Filter Include="Resource Files">
      <UniqueIdentifier>{67DA6AB6-F800-4c08-8B7A-83BB121AAD01}</UniqueIdentifier>
      <Extensions>rc;ico;cur;bmp;dlg;rc2;rct;bin;rgs;gif;jpg;jpeg;jpe;resx;tiff;tif;png;wav;mfcribbon-ms</Extensions>
    </Filter>
  </ItemGroup>
  <ItemGroup>
    <None Include="..\..\..\..\..\BoothClient\BoothClient.~dsk" />
    <None Include="..\..\..\..\..\BoothClient\BoothClient.cbproj" />
    <None Include="..\..\..\..\..\BoothClient\BoothClient.cbproj.local" />
    <None Include="..\..\..\..\..\BoothClient\BoothClient.dsk" />
    <None Include="..\..\..\..\..\BoothClient\DataBooth.dfm" />
    <None Include="..\..\..\..\..\BoothClient\DetailFormBooth.dfm" />
    <None Include="..\..\..\..\..\BoothClient\UnitAdditionalDefectDetailsFormBooth.dfm" />
    <None Include="..\..\..\..\..\BoothClient\UnitMainBooth.dfm" />
    <None Include="..\..\..\..\..\BoothClient\UnitStringGridMagnification.dfm" />
    <None Include="E:\Programowanie\BoothClient\BoothClient.cbproj" />
    <None Include="E:\Programowanie\BoothClient\BoothClient.cbproj.local" />
    <None Include="E:\Programowanie\BoothClient\BoothClient.dsk" />
    <None Include="E:\Programowanie\BoothClient\DataBooth.dfm" />
    <None Include="E:\Programowanie\BoothClient\DetailFormBooth.dfm" />
    <None Include="E:\Programowanie\BoothClient\UnitAdditionalDefectDetailsFormBooth.dfm" />
    <None Include="E:\Programowanie\BoothClient\UnitMainBooth.dfm" />
    <None Include="E:\Programowanie\BoothClient\UnitStringGridMagnification.dfm" />
  </ItemGroup>
  <ItemGroup>
    <ClCompile Include="..\..\..\..\..\BoothClient\BoothClient.cpp">
      <Filter>Source Files</Filter>
    </ClCompile>
    <ClCompile Include="..\..\..\..\..\BoothClient\CommonTableClass.cpp">
      <Filter>Source Files</Filter>
    </ClCompile>
    <ClCompile Include="..\..\..\..\..\BoothClient\DataBooth.cpp">
      <Filter>Source Files</Filter>
    </ClCompile>
    <ClCompile Include="..\..\..\..\..\BoothClient\DetailFormBooth.cpp">
      <Filter>Source Files</Filter>
    </ClCompile>
    <ClCompile Include="..\..\..\..\..\BoothClient\Global.cpp">
      <Filter>Source Files</Filter>
    </ClCompile>
    <ClCompile Include="..\..\..\..\..\BoothClient\GlobalBooth.cpp">
      <Filter>Source Files</Filter>
    </ClCompile>
    <ClCompile Include="..\..\..\..\..\BoothClient\UnitAdditionalDefectDetailsFormBooth.cpp">
      <Filter>Source Files</Filter>
    </ClCompile>
    <ClCompile Include="..\..\..\..\..\BoothClient\UnitMainBooth.cpp">
      <Filter>Source Files</Filter>
    </ClCompile>
    <ClCompile Include="..\..\..\..\..\BoothClient\UnitProduct.cpp">
      <Filter>Source Files</Filter>
    </ClCompile>
    <ClCompile Include="..\..\..\..\..\BoothClient\UnitProductsBooth.cpp">
      <Filter>Source Files</Filter>
    </ClCompile>
    <ClCompile Include="..\..\..\..\..\BoothClient\UnitReadShiftData.cpp">
      <Filter>Source Files</Filter>
    </ClCompile>
    <ClCompile Include="..\..\..\..\..\BoothClient\UnitShiftReading.cpp">
      <Filter>Source Files</Filter>
    </ClCompile>
    <ClCompile Include="..\..\..\..\..\BoothClient\UnitStartUp.cpp">
      <Filter>Source Files</Filter>
    </ClCompile>
    <ClCompile Include="..\..\..\..\..\BoothClient\UnitStartUpBooth.cpp">
      <Filter>Source Files</Filter>
    </ClCompile>
    <ClCompile Include="..\..\..\..\..\BoothClient\UnitStringGridMagnification.cpp">
      <Filter>Source Files</Filter>
    </ClCompile>
    <ClCompile Include="E:\Programowanie\BoothClient\BoothClient.cpp">
      <Filter>Source Files</Filter>
    </ClCompile>
    <ClCompile Include="E:\Programowanie\BoothClient\CommonTableClass.cpp">
      <Filter>Source Files</Filter>
    </ClCompile>
    <ClCompile Include="E:\Programowanie\BoothClient\DataBooth.cpp">
      <Filter>Source Files</Filter>
    </ClCompile>
    <ClCompile Include="E:\Programowanie\BoothClient\DetailFormBooth.cpp">
      <Filter>Source Files</Filter>
    </ClCompile>
    <ClCompile Include="E:\Programowanie\BoothClient\Global.cpp">
      <Filter>Source Files</Filter>
    </ClCompile>
    <ClCompile Include="E:\Programowanie\BoothClient\GlobalBooth.cpp">
      <Filter>Source Files</Filter>
    </ClCompile>
    <ClCompile Include="E:\Programowanie\BoothClient\UnitAdditionalDefectDetailsFormBooth.cpp">
      <Filter>Source Files</Filter>
    </ClCompile>
    <ClCompile Include="E:\Programowanie\BoothClient\UnitMainBooth.cpp">
      <Filter>Source Files</Filter>
    </ClCompile>
    <ClCompile Include="E:\Programowanie\BoothClient\UnitProduct.cpp">
      <Filter>Source Files</Filter>
    </ClCompile>
    <ClCompile Include="E:\Programowanie\BoothClient\UnitProductsBooth.cpp">
      <Filter>Source Files</Filter>
    </ClCompile>
    <ClCompile Include="E:\Programowanie\BoothClient\UnitReadShiftData.cpp">
      <Filter>Source Files</Filter>
    </ClCompile>
    <ClCompile Include="E:\Programowanie\BoothClient\UnitShiftReading.cpp">
      <Filter>Source Files</Filter>
    </ClCompile>
    <ClCompile Include="E:\Programowanie\BoothClient\UnitStartUp.cpp">
      <Filter>Source Files</Filter>
    </ClCompile>
    <ClCompile Include="E:\Programowanie\BoothClient\UnitStartUpBooth.cpp">
      <Filter>Source Files</Filter>
    </ClCompile>
    <ClCompile Include="E:\Programowanie\BoothClient\UnitStringGridMagnification.cpp">
      <Filter>Source Files</Filter>
    </ClCompile>
  </ItemGroup>
  <ItemGroup>
    <Resource Include="..\..\..\..\..\BoothClient\BoothClient.res" />
    <Resource Include="E:\Programowanie\BoothClient\BoothClient.res" />
  </ItemGroup>
  <ItemGroup>
    <ClInclude Include="..\..\..\..\..\BoothClient\CommonTableClass.h">
      <Filter>Header Files</Filter>
    </ClInclude>
    <ClInclude Include="..\..\..\..\..\BoothClient\DataBooth.h">
      <Filter>Header Files</Filter>
    </ClInclude>
    <ClInclude Include="..\..\..\..\..\BoothClient\DetailFormBooth.h">
      <Filter>Header Files</Filter>
    </ClInclude>
    <ClInclude Include="..\..\..\..\..\BoothClient\Global.h">
      <Filter>Header Files</Filter>
    </ClInclude>
    <ClInclude Include="..\..\..\..\..\BoothClient\GlobalBooth.h">
      <Filter>Header Files</Filter>
    </ClInclude>
    <ClInclude Include="..\..\..\..\..\BoothClient\UnitAdditionalDefectDetailsFormBooth.h">
      <Filter>Header Files</Filter>
    </ClInclude>
    <ClInclude Include="..\..\..\..\..\BoothClient\UnitMainBooth.h">
      <Filter>Header Files</Filter>
    </ClInclude>
    <ClInclude Include="..\..\..\..\..\BoothClient\UnitProduct.h">
      <Filter>Header Files</Filter>
    </ClInclude>
    <ClInclude Include="..\..\..\..\..\BoothClient\UnitProductsBooth.h">
      <Filter>Header Files</Filter>
    </ClInclude>
    <ClInclude Include="..\..\..\..\..\BoothClient\UnitReadShiftData.h">
      <Filter>Header Files</Filter>
    </ClInclude>
    <ClInclude Include="..\..\..\..\..\BoothClient\UnitShiftReading.h">
      <Filter>Header Files</Filter>
    </ClInclude>
    <ClInclude Include="..\..\..\..\..\BoothClient\UnitStartUp.h">
      <Filter>Header Files</Filter>
    </ClInclude>
    <ClInclude Include="..\..\..\..\..\BoothClient\UnitStartUpBooth.h">
      <Filter>Header Files</Filter>
    </ClInclude>
    <ClInclude Include="..\..\..\..\..\BoothClient\UnitStringGridMagnification.h">
      <Filter>Header Files</Filter>
    </ClInclude>
    <ClInclude Include="E:\Programowanie\BoothClient\CommonTableClass.h">
      <Filter>Header Files</Filter>
    </ClInclude>
    <ClInclude Include="E:\Programowanie\BoothClient\DataBooth.h">
      <Filter>Header Files</Filter>
    </ClInclude>
    <ClInclude Include="E:\Programowanie\BoothClient\DetailFormBooth.h">
      <Filter>Header Files</Filter>
    </ClInclude>
    <ClInclude Include="E:\Programowanie\BoothClient\Global.h">
      <Filter>Header Files</Filter>
    </ClInclude>
    <ClInclude Include="E:\Programowanie\BoothClient\GlobalBooth.h">
      <Filter>Header Files</Filter>
    </ClInclude>
    <ClInclude Include="E:\Programowanie\BoothClient\UnitAdditionalDefectDetailsFormBooth.h">
      <Filter>Header Files</Filter>
    </ClInclude>
    <ClInclude Include="E:\Programowanie\BoothClient\UnitMainBooth.h">
      <Filter>Header Files</Filter>
    </ClInclude>
    <ClInclude Include="E:\Programowanie\BoothClient\UnitProduct.h">
      <Filter>Header Files</Filter>
    </ClInclude>
    <ClInclude Include="E:\Programowanie\BoothClient\UnitProductsBooth.h">
      <Filter>Header Files</Filter>
    </ClInclude>
    <ClInclude Include="E:\Programowanie\BoothClient\UnitReadShiftData.h">
      <Filter>Header Files</Filter>
    </ClInclude>
    <ClInclude Include="E:\Programowanie\BoothClient\UnitShiftReading.h">
      <Filter>Header Files</Filter>
    </ClInclude>
    <ClInclude Include="E:\Programowanie\BoothClient\UnitStartUp.h">
      <Filter>Header Files</Filter>
    </ClInclude>
    <ClInclude Include="E:\Programowanie\BoothClient\UnitStartUpBooth.h">
      <Filter>Header Files</Filter>
    </ClInclude>
    <ClInclude Include="E:\Programowanie\BoothClient\UnitStringGridMagnification.h">
      <Filter>Header Files</Filter>
    </ClInclude>
  </ItemGroup>
  <ItemGroup>
    <Image Include="..\..\..\..\..\BoothClient\jalbum.ico">
      <Filter>Resource Files</Filter>
    </Image>
    <Image Include="..\..\..\..\..\BoothClient\SMILEY4.ICO">
      <Filter>Resource Files</Filter>
    </Image>
    <Image Include="E:\Programowanie\BoothClient\jalbum.ico">
      <Filter>Resource Files</Filter>
    </Image>
    <Image Include="E:\Programowanie\BoothClient\SMILEY4.ICO">
      <Filter>Resource Files</Filter>
    </Image>
  </ItemGroup>
</Project>