<?xml version="1.0" encoding="utf-8"?>
<Project ToolsVersion="4.0" xmlns="http://schemas.microsoft.com/developer/msbuild/2003">
  <ItemGroup>
    <Filter Include="Source Files">
      <UniqueIdentifier>{4FC737F1-C7A5-4376-A066-2A32D752A2FF}</UniqueIdentifier>
      <Extensions>cpp;c;cc;cxx;c++;cppm;ixx;def;odl;idl;hpj;bat;asm;asmx</Extensions>
    </Filter>
    <Filter Include="Header Files">
      <UniqueIdentifier>{93995380-89BD-4b04-88EB-625FBE52EBFB}</UniqueIdentifier>
      <Extensions>h;hh;hpp;hxx;h++;hm;inl;inc;ipp;xsd</Extensions>
    </Filter>
    <Filter Include="Resource Files">
      <UniqueIdentifier>{67DA6AB6-F800-4c08-8B7A-83BB121AAD01}</UniqueIdentifier>
      <Extensions>rc;ico;cur;bmp;dlg;rc2;rct;bin;rgs;gif;jpg;jpeg;jpe;resx;tiff;tif;png;wav;mfcribbon-ms</Extensions>
    </Filter>
  </ItemGroup>
  <ItemGroup>
    <ClCompile Include="UnitReport.cpp">
      <Filter>Source Files</Filter>
    </ClCompile>
    <ClCompile Include="UnitMain.cpp">
      <Filter>Source Files</Filter>
    </ClCompile>
    <ClCompile Include="AccessCOM.cpp">
      <Filter>Source Files</Filter>
    </ClCompile>
    <ClCompile Include="UnitPacks.cpp">
      <Filter>Source Files</Filter>
    </ClCompile>
    <ClCompile Include="UnitStartUp.cpp">
      <Filter>Source Files</Filter>
    </ClCompile>
    <ClCompile Include="UnitOEEForm.cpp">
      <Filter>Source Files</Filter>
    </ClCompile>
    <ClCompile Include="DataCoater.cpp">
      <Filter>Source Files</Filter>
    </ClCompile>
    <ClCompile Include="UnitReport0.cpp">
      <Filter>Source Files</Filter>
    </ClCompile>
    <ClCompile Include="UnitMainEntity.cpp">
      <Filter>Source Files</Filter>
    </ClCompile>
    <ClCompile Include="RaportCT.cpp">
      <Filter>Source Files</Filter>
    </ClCompile>
    <ClCompile Include="FromProgress.cpp">
      <Filter>Source Files</Filter>
    </ClCompile>
    <ClCompile Include="UnitDefects.cpp">
      <Filter>Source Files</Filter>
    </ClCompile>
    <ClCompile Include="Global.cpp">
      <Filter>Source Files</Filter>
    </ClCompile>
    <ClCompile Include="UnitOption.cpp">
      <Filter>Source Files</Filter>
    </ClCompile>
    <ClCompile Include="UnitExportToCoC.cpp">
      <Filter>Source Files</Filter>
    </ClCompile>
    <ClCompile Include="UnitCathodes.cpp">
      <Filter>Source Files</Filter>
    </ClCompile>
    <ClCompile Include="UnitProducts.cpp">
      <Filter>Source Files</Filter>
    </ClCompile>
    <ClCompile Include="UnitProduction.cpp">
      <Filter>Source Files</Filter>
    </ClCompile>
    <ClCompile Include="UnitLineStatus.cpp">
      <Filter>Source Files</Filter>
    </ClCompile>
    <ClCompile Include="UnitSeparator.cpp">
      <Filter>Source Files</Filter>
    </ClCompile>
    <ClCompile Include="UnitGerneralRemark.cpp">
      <Filter>Source Files</Filter>
    </ClCompile>
    <ClCompile Include="Measurements.cpp">
      <Filter>Source Files</Filter>
    </ClCompile>
    <ClCompile Include="UnitEpuro.cpp">
      <Filter>Source Files</Filter>
    </ClCompile>
    <ClCompile Include="Alarms.cpp">
      <Filter>Source Files</Filter>
    </ClCompile>
    <ClCompile Include="UnitWasher.cpp">
      <Filter>Source Files</Filter>
    </ClCompile>
    <ClCompile Include="UnitFormCoCincompatibility.cpp">
      <Filter>Source Files</Filter>
    </ClCompile>
    <ClCompile Include="Class1.cpp">
      <Filter>Source Files</Filter>
    </ClCompile>
    <ClCompile Include="RaportCT2.cpp">
      <Filter>Source Files</Filter>
    </ClCompile>
    <ClCompile Include="UnitCTControl.cpp">
      <Filter>Source Files</Filter>
    </ClCompile>
    <ClCompile Include="UnitLineStacker.cpp">
      <Filter>Source Files</Filter>
    </ClCompile>
    <ClCompile Include="UnitTryby.cpp">
      <Filter>Source Files</Filter>
    </ClCompile>
    <ClCompile Include="CommonTableClass.cpp">
      <Filter>Source Files</Filter>
    </ClCompile>
  </ItemGroup>
  <ItemGroup>
    <None Include="RaportCT.cache" />
    <None Include="ProjectGroup1.dsk" />
    <None Include="ProjectGroup1.~dsk" />
    <None Include="ProjectGroup1.groupproj.local" />
    <None Include="ProjectGroup1.groupproj" />
    <None Include="RaportCT.dsk" />
    <None Include="RaportCT.~dsk" />
    <None Include="UnitMain.dfm" />
    <None Include="UnitExportToCoC.dfm" />
    <None Include="RaportCT.cbproj.local" />
    <None Include="RaportCT.cbproj" />
    <None Include="DataCoater.dfm" />
    <None Include="Opis niektórych rozwiazań.doc" />
    <None Include="UnitOEEForm.dfm" />
    <None Include="ProjectGroupReportMSSQL.dsk" />
    <None Include="ProjectGroupReportMSSQL.~dsk" />
    <None Include="FromProgress.dfm" />
    <None Include="Copy of Pareto Coater and Grenzebach June 2016.xlsx" />
    <None Include="Kategorie Pareto.xlsx" />
    <None Include="UnitOption.dfm" />
    <None Include="Uwagi OEE dla zmian.docx" />
    <None Include="ProjectGroupReportMSSQL.groupproj.local" />
    <None Include="ProjectGroupReportMSSQL.groupproj" />
    <None Include="UnitPacks.dfm" />
    <None Include="ProjectGroupReportMSSQL_prjgroup.tvsconfig" />
    <None Include="ProjectGroup2.dsk" />
    <None Include="ProjectGroup2.~dsk" />
    <None Include="ProjectGroup2_prjgroup.tvsconfig" />
    <None Include="ProjectGroupResized.dsk" />
    <None Include="ProjectGroupResized.~dsk" />
    <None Include="UnitFormCoCincompatibility.dfm" />
    <None Include="Notatki.odt" />
    <None Include="~$is niektórych rozwiazań.doc" />
    <None Include="ProjectGroupResized_prjgroup.tvsconfig" />
    <None Include="ProjectGroupResized.groupproj.local" />
    <None Include="ProjectGroupResized.groupproj" />
    <None Include="ProjectGroup1_prjgroup.tvsconfig" />
    <None Include="RaportCT.todo" />
    <None Include="RaportCT_project.tvsconfig" />
    <None Include="RaportCT2.cbproj.local" />
    <None Include="RaportCT2.cbproj" />
    <None Include="RaportCT.otares" />
    <None Include="Queries.sql" />
    <None Include="In Consumed BedUtilization Monthly GOOD.sql" />
    <None Include="File1.sql" />
    <None Include="RaportCT.ini" />
    <None Include="RaportCT.int" />
  </ItemGroup>
  <ItemGroup>
    <ClInclude Include="UnitReport.h">
      <Filter>Header Files</Filter>
    </ClInclude>
    <ClInclude Include="Global.h">
      <Filter>Header Files</Filter>
    </ClInclude>
    <ClInclude Include="DataCoater.h">
      <Filter>Header Files</Filter>
    </ClInclude>
    <ClInclude Include="UnitMain.h">
      <Filter>Header Files</Filter>
    </ClInclude>
    <ClInclude Include="UnitOEEForm.h">
      <Filter>Header Files</Filter>
    </ClInclude>
    <ClInclude Include="UnitReport0.h">
      <Filter>Header Files</Filter>
    </ClInclude>
    <ClInclude Include="AccessCOM.h">
      <Filter>Header Files</Filter>
    </ClInclude>
    <ClInclude Include="FromProgress.h">
      <Filter>Header Files</Filter>
    </ClInclude>
    <ClInclude Include="UnitPacks.h">
      <Filter>Header Files</Filter>
    </ClInclude>
    <ClInclude Include="UnitOption.h">
      <Filter>Header Files</Filter>
    </ClInclude>
    <ClInclude Include="UnitExportToCoC.h">
      <Filter>Header Files</Filter>
    </ClInclude>
    <ClInclude Include="UnitProducts.h">
      <Filter>Header Files</Filter>
    </ClInclude>
    <ClInclude Include="UnitDefects.h">
      <Filter>Header Files</Filter>
    </ClInclude>
    <ClInclude Include="UnitMainEntity.h">
      <Filter>Header Files</Filter>
    </ClInclude>
    <ClInclude Include="UnitProduction.h">
      <Filter>Header Files</Filter>
    </ClInclude>
    <ClInclude Include="UnitLineStatus.h">
      <Filter>Header Files</Filter>
    </ClInclude>
    <ClInclude Include="UnitFormCoCincompatibility.h">
      <Filter>Header Files</Filter>
    </ClInclude>
    <ClInclude Include="UnitStartUp.h">
      <Filter>Header Files</Filter>
    </ClInclude>
    <ClInclude Include="Class1.h">
      <Filter>Header Files</Filter>
    </ClInclude>
    <ClInclude Include="UnitTryby.h">
      <Filter>Header Files</Filter>
    </ClInclude>
    <ClInclude Include="UnitSeparator.h">
      <Filter>Header Files</Filter>
    </ClInclude>
    <ClInclude Include="Measurements.h">
      <Filter>Header Files</Filter>
    </ClInclude>
    <ClInclude Include="UnitCathodes.h">
      <Filter>Header Files</Filter>
    </ClInclude>
    <ClInclude Include="UnitEpuro.h">
      <Filter>Header Files</Filter>
    </ClInclude>
    <ClInclude Include="UnitGerneralRemark.h">
      <Filter>Header Files</Filter>
    </ClInclude>
    <ClInclude Include="UnitWasher.h">
      <Filter>Header Files</Filter>
    </ClInclude>
    <ClInclude Include="UnitCTControl.h">
      <Filter>Header Files</Filter>
    </ClInclude>
    <ClInclude Include="UnitLineStacker.h">
      <Filter>Header Files</Filter>
    </ClInclude>
    <ClInclude Include="Alarms.h">
      <Filter>Header Files</Filter>
    </ClInclude>
    <ClInclude Include="CommonTableClass.h">
      <Filter>Header Files</Filter>
    </ClInclude>
  </ItemGroup>
  <ItemGroup>
    <Resource Include="RaportCT.res" />
    <Resource Include="RaportCT2.res" />
  </ItemGroup>
  <ItemGroup>
    <Text Include="Identity creation.txt" />
    <Text Include="Local Connection String.txt" />
    <Text Include="Ścieżki ogólne.txt" />
    <Text Include="Dane zmiany z błędnymi ustawieniami.txt" />
    <Text Include="New1.txt" />
    <Text Include="todo.txt" />
    <Text Include="File1.txt" />
  </ItemGroup>
  <ItemGroup>
    <Image Include="RaportCT_Icon1.ico">
      <Filter>Resource Files</Filter>
    </Image>
    <Image Include="RaportCT_Icon.ico">
      <Filter>Resource Files</Filter>
    </Image>
    <Image Include="COLORS1.ICO">
      <Filter>Resource Files</Filter>
    </Image>
  </ItemGroup>
</Project>